
Microsoft Visual Studio Solution File, Format Version 12.00
# Visual Studio Version 16
VisualStudioVersion = 16.0.30621.155
MinimumVisualStudioVersion = 10.0.40219.1
Project("{9A19103F-16F7-4668-BE54-9A1E7A4F7556}") = "Entities", "Entities\Entities.csproj", "{66770100-57D0-4FCA-A301-B67348F746B6}"
EndProject
Project("{9A19103F-16F7-4668-BE54-9A1E7A4F7556}") = "DataAccess", "DataAccess\DataAccess.csproj", "{8335185F-2EA5-42C1-BDC8-DB0BA49E3343}"
EndProject
Project("{9A19103F-16F7-4668-BE54-9A1E7A4F7556}") = "Business", "Business\Business.csproj", "{A72BE701-8889-46B3-BE7C-C40EE1B0D7C3}"
EndProject
Project("{9A19103F-16F7-4668-BE54-9A1E7A4F7556}") = "ConsoleUI", "ConsoleUI\ConsoleUI.csproj", "{DD82BEB1-7761-4041-990F-96EFCD8CBFAA}"
EndProject
Project("{9A19103F-16F7-4668-BE54-9A1E7A4F7556}") = "Core", "Core\Core.csproj", "{6307959B-26DC-4130-92F2-A9F0376025F0}"
EndProject
Project("{FAE04EC0-301F-11D3-BF4B-00C04F79EFBC}") = "WebAPI", "WebAPI\WebAPI.csproj", "{FF8BDB78-9B04-428D-BA1A-AC366DBEB985}"
EndProject
Global
	GlobalSection(SolutionConfigurationPlatforms) = preSolution
		Debug|Any CPU = Debug|Any CPU
		Release|Any CPU = Release|Any CPU
	EndGlobalSection
	GlobalSection(ProjectConfigurationPlatforms) = postSolution
		{66770100-57D0-4FCA-A301-B67348F746B6}.Debug|Any CPU.ActiveCfg = Debug|Any CPU
		{66770100-57D0-4FCA-A301-B67348F746B6}.Debug|Any CPU.Build.0 = Debug|Any CPU
		{66770100-57D0-4FCA-A301-B67348F746B6}.Release|Any CPU.ActiveCfg = Release|Any CPU
		{66770100-57D0-4FCA-A301-B67348F746B6}.Release|Any CPU.Build.0 = Release|Any CPU
		{8335185F-2EA5-42C1-BDC8-DB0BA49E3343}.Debug|Any CPU.ActiveCfg = Debug|Any CPU
		{8335185F-2EA5-42C1-BDC8-DB0BA49E3343}.Debug|Any CPU.Build.0 = Debug|Any CPU
		{8335185F-2EA5-42C1-BDC8-DB0BA49E3343}.Release|Any CPU.ActiveCfg = Release|Any CPU
		{8335185F-2EA5-42C1-BDC8-DB0BA49E3343}.Release|Any CPU.Build.0 = Release|Any CPU
		{A72BE701-8889-46B3-BE7C-C40EE1B0D7C3}.Debug|Any CPU.ActiveCfg = Debug|Any CPU
		{A72BE701-8889-46B3-BE7C-C40EE1B0D7C3}.Debug|Any CPU.Build.0 = Debug|Any CPU
		{A72BE701-8889-46B3-BE7C-C40EE1B0D7C3}.Release|Any CPU.ActiveCfg = Release|Any CPU
		{A72BE701-8889-46B3-BE7C-C40EE1B0D7C3}.Release|Any CPU.Build.0 = Release|Any CPU
		{DD82BEB1-7761-4041-990F-96EFCD8CBFAA}.Debug|Any CPU.ActiveCfg = Debug|Any CPU
		{DD82BEB1-7761-4041-990F-96EFCD8CBFAA}.Debug|Any CPU.Build.0 = Debug|Any CPU
		{DD82BEB1-7761-4041-990F-96EFCD8CBFAA}.Release|Any CPU.ActiveCfg = Release|Any CPU
		{DD82BEB1-7761-4041-990F-96EFCD8CBFAA}.Release|Any CPU.Build.0 = Release|Any CPU
		{6307959B-26DC-4130-92F2-A9F0376025F0}.Debug|Any CPU.ActiveCfg = Debug|Any CPU
		{6307959B-26DC-4130-92F2-A9F0376025F0}.Debug|Any CPU.Build.0 = Debug|Any CPU
		{6307959B-26DC-4130-92F2-A9F0376025F0}.Release|Any CPU.ActiveCfg = Release|Any CPU
		{6307959B-26DC-4130-92F2-A9F0376025F0}.Release|Any CPU.Build.0 = Release|Any CPU
		{FF8BDB78-9B04-428D-BA1A-AC366DBEB985}.Debug|Any CPU.ActiveCfg = Debug|Any CPU
		{FF8BDB78-9B04-428D-BA1A-AC366DBEB985}.Debug|Any CPU.Build.0 = Debug|Any CPU
		{FF8BDB78-9B04-428D-BA1A-AC366DBEB985}.Release|Any CPU.ActiveCfg = Release|Any CPU
		{FF8BDB78-9B04-428D-BA1A-AC366DBEB985}.Release|Any CPU.Build.0 = Release|Any CPU
	EndGlobalSection
	GlobalSection(SolutionProperties) = preSolution
		HideSolutionNode = FALSE
	EndGlobalSection
	GlobalSection(ExtensibilityGlobals) = postSolution
		SolutionGuid = {4B90EF2B-14FF-4186-BF47-299564553499}
	EndGlobalSection
EndGlobal
